
Microsoft Visual Studio Solution File, Format Version 12.00
# Visual Studio Version 16
VisualStudioVersion = 16.0.29001.49
MinimumVisualStudioVersion = 10.0.40219.1
Project("{FAE04EC0-301F-11D3-BF4B-00C04F79EFBC}") = "MyAPIHelloworldApp", "MyAPIHelloworldApp\MyAPIHelloworldApp.csproj", "{49AD8101-F83E-4C06-9B06-BC1A01A5C5DC}"
EndProject
Global
	GlobalSection(SolutionConfigurationPlatforms) = preSolution
		Debug|Any CPU = Debug|Any CPU
		Release|Any CPU = Release|Any CPU
	EndGlobalSection
	GlobalSection(ProjectConfigurationPlatforms) = postSolution
		{49AD8101-F83E-4C06-9B06-BC1A01A5C5DC}.Debug|Any CPU.ActiveCfg = Debug|Any CPU
		{49AD8101-F83E-4C06-9B06-BC1A01A5C5DC}.Debug|Any CPU.Build.0 = Debug|Any CPU
		{49AD8101-F83E-4C06-9B06-BC1A01A5C5DC}.Release|Any CPU.ActiveCfg = Release|Any CPU
		{49AD8101-F83E-4C06-9B06-BC1A01A5C5DC}.Release|Any CPU.Build.0 = Release|Any CPU
	EndGlobalSection
	GlobalSection(SolutionProperties) = preSolution
		HideSolutionNode = FALSE
	EndGlobalSection
	GlobalSection(ExtensibilityGlobals) = postSolution
		SolutionGuid = {097C8928-2CB5-4FA6-BB60-9899936863F2}
	EndGlobalSection
EndGlobal
